
Microsoft Visual Studio Solution File, Format Version 12.00
# Visual Studio Version 17
VisualStudioVersion = 17.14.36414.22 d17.14
MinimumVisualStudioVersion = 10.0.40219.1
Project("{FAE04EC0-301F-11D3-BF4B-00C04F79EFBC}") = "STM32_WL55", "STM32_WL55\STM32_WL55.csproj", "{31EDA847-978A-45BC-A01E-07562563EC7D}"
EndProject
Global
	GlobalSection(SolutionConfigurationPlatforms) = preSolution
		Debug|Any CPU = Debug|Any CPU
		Release|Any CPU = Release|Any CPU
	EndGlobalSection
	GlobalSection(ProjectConfigurationPlatforms) = postSolution
		{31EDA847-978A-45BC-A01E-07562563EC7D}.Debug|Any CPU.ActiveCfg = Debug|Any CPU
		{31EDA847-978A-45BC-A01E-07562563EC7D}.Debug|Any CPU.Build.0 = Debug|Any CPU
		{31EDA847-978A-45BC-A01E-07562563EC7D}.Release|Any CPU.ActiveCfg = Release|Any CPU
		{31EDA847-978A-45BC-A01E-07562563EC7D}.Release|Any CPU.Build.0 = Release|Any CPU
	EndGlobalSection
	GlobalSection(SolutionProperties) = preSolution
		HideSolutionNode = FALSE
	EndGlobalSection
	GlobalSection(ExtensibilityGlobals) = postSolution
		SolutionGuid = {E335A98A-9E13-4993-A842-FD4E1AC80938}
	EndGlobalSection
EndGlobal
